
Microsoft Visual Studio Solution File, Format Version 12.00
Project("{FAE04EC0-301F-11D3-BF4B-00C04F79EFBC}") = "MusicStreamingService.Service", "MusicStreamingService.Service\MusicStreamingService.Service.csproj", "{4F110EE5-04D5-4048-9468-2816DA4347EE}"
EndProject
Project("{FAE04EC0-301F-11D3-BF4B-00C04F79EFBC}") = "MusicStreamingService.DataAccess", "MusicStreamingService.DataAccess\MusicStreamingService.DataAccess.csproj", "{E9C1CB71-1170-4A56-B81F-46C3E2E4FE6C}"
EndProject
Project("{FAE04EC0-301F-11D3-BF4B-00C04F79EFBC}") = "MusicStreamingService.BusinessLogic", "MusicStreamingService.BusinessLogic\MusicStreamingService.BusinessLogic.csproj", "{43796FAC-31ED-48EC-AD6B-42C7B40F2ED9}"
EndProject
Global
	GlobalSection(SolutionConfigurationPlatforms) = preSolution
		Debug|Any CPU = Debug|Any CPU
		Debug|x64 = Debug|x64
		Debug|x86 = Debug|x86
		Release|Any CPU = Release|Any CPU
		Release|x64 = Release|x64
		Release|x86 = Release|x86
	EndGlobalSection
	GlobalSection(ProjectConfigurationPlatforms) = postSolution
		{4F110EE5-04D5-4048-9468-2816DA4347EE}.Debug|Any CPU.ActiveCfg = Debug|Any CPU
		{4F110EE5-04D5-4048-9468-2816DA4347EE}.Debug|Any CPU.Build.0 = Debug|Any CPU
		{4F110EE5-04D5-4048-9468-2816DA4347EE}.Debug|x64.ActiveCfg = Debug|Any CPU
		{4F110EE5-04D5-4048-9468-2816DA4347EE}.Debug|x64.Build.0 = Debug|Any CPU
		{4F110EE5-04D5-4048-9468-2816DA4347EE}.Debug|x86.ActiveCfg = Debug|Any CPU
		{4F110EE5-04D5-4048-9468-2816DA4347EE}.Debug|x86.Build.0 = Debug|Any CPU
		{4F110EE5-04D5-4048-9468-2816DA4347EE}.Release|Any CPU.ActiveCfg = Release|Any CPU
		{4F110EE5-04D5-4048-9468-2816DA4347EE}.Release|Any CPU.Build.0 = Release|Any CPU
		{4F110EE5-04D5-4048-9468-2816DA4347EE}.Release|x64.ActiveCfg = Release|Any CPU
		{4F110EE5-04D5-4048-9468-2816DA4347EE}.Release|x64.Build.0 = Release|Any CPU
		{4F110EE5-04D5-4048-9468-2816DA4347EE}.Release|x86.ActiveCfg = Release|Any CPU
		{4F110EE5-04D5-4048-9468-2816DA4347EE}.Release|x86.Build.0 = Release|Any CPU
		{E9C1CB71-1170-4A56-B81F-46C3E2E4FE6C}.Debug|Any CPU.ActiveCfg = Debug|Any CPU
		{E9C1CB71-1170-4A56-B81F-46C3E2E4FE6C}.Debug|Any CPU.Build.0 = Debug|Any CPU
		{E9C1CB71-1170-4A56-B81F-46C3E2E4FE6C}.Debug|x64.ActiveCfg = Debug|Any CPU
		{E9C1CB71-1170-4A56-B81F-46C3E2E4FE6C}.Debug|x64.Build.0 = Debug|Any CPU
		{E9C1CB71-1170-4A56-B81F-46C3E2E4FE6C}.Debug|x86.ActiveCfg = Debug|Any CPU
		{E9C1CB71-1170-4A56-B81F-46C3E2E4FE6C}.Debug|x86.Build.0 = Debug|Any CPU
		{E9C1CB71-1170-4A56-B81F-46C3E2E4FE6C}.Release|Any CPU.ActiveCfg = Release|Any CPU
		{E9C1CB71-1170-4A56-B81F-46C3E2E4FE6C}.Release|Any CPU.Build.0 = Release|Any CPU
		{E9C1CB71-1170-4A56-B81F-46C3E2E4FE6C}.Release|x64.ActiveCfg = Release|Any CPU
		{E9C1CB71-1170-4A56-B81F-46C3E2E4FE6C}.Release|x64.Build.0 = Release|Any CPU
		{E9C1CB71-1170-4A56-B81F-46C3E2E4FE6C}.Release|x86.ActiveCfg = Release|Any CPU
		{E9C1CB71-1170-4A56-B81F-46C3E2E4FE6C}.Release|x86.Build.0 = Release|Any CPU
		{43796FAC-31ED-48EC-AD6B-42C7B40F2ED9}.Debug|Any CPU.ActiveCfg = Debug|Any CPU
		{43796FAC-31ED-48EC-AD6B-42C7B40F2ED9}.Debug|Any CPU.Build.0 = Debug|Any CPU
		{43796FAC-31ED-48EC-AD6B-42C7B40F2ED9}.Debug|x64.ActiveCfg = Debug|Any CPU
		{43796FAC-31ED-48EC-AD6B-42C7B40F2ED9}.Debug|x64.Build.0 = Debug|Any CPU
		{43796FAC-31ED-48EC-AD6B-42C7B40F2ED9}.Debug|x86.ActiveCfg = Debug|Any CPU
		{43796FAC-31ED-48EC-AD6B-42C7B40F2ED9}.Debug|x86.Build.0 = Debug|Any CPU
		{43796FAC-31ED-48EC-AD6B-42C7B40F2ED9}.Release|Any CPU.ActiveCfg = Release|Any CPU
		{43796FAC-31ED-48EC-AD6B-42C7B40F2ED9}.Release|Any CPU.Build.0 = Release|Any CPU
		{43796FAC-31ED-48EC-AD6B-42C7B40F2ED9}.Release|x64.ActiveCfg = Release|Any CPU
		{43796FAC-31ED-48EC-AD6B-42C7B40F2ED9}.Release|x64.Build.0 = Release|Any CPU
		{43796FAC-31ED-48EC-AD6B-42C7B40F2ED9}.Release|x86.ActiveCfg = Release|Any CPU
		{43796FAC-31ED-48EC-AD6B-42C7B40F2ED9}.Release|x86.Build.0 = Release|Any CPU
	EndGlobalSection
	GlobalSection(SolutionProperties) = preSolution
		HideSolutionNode = FALSE
	EndGlobalSection
EndGlobal
